
Microsoft Visual Studio Solution File, Format Version 12.00
# Visual Studio Version 17
VisualStudioVersion = 17.0.32014.148
MinimumVisualStudioVersion = 10.0.40219.1
Project("{9A19103F-16F7-4668-BE54-9A1E7A4F7556}") = "theatrel.Lib", "theatrel.Lib\theatrel.Lib.csproj", "{12E8F016-5E98-4350-97FA-5C606440852D}"
EndProject
Project("{9A19103F-16F7-4668-BE54-9A1E7A4F7556}") = "theatrel.Worker", "theatrel.Worker\theatrel.Worker.csproj", "{E29F9CC4-53CC-4C21-B638-1A0BFFBFDE06}"
EndProject
Project("{9A19103F-16F7-4668-BE54-9A1E7A4F7556}") = "theatrel.TLBot", "theatrel.TLBot\theatrel.TLBot.csproj", "{A3112D70-1D12-4542-86F9-F665A629CC83}"
EndProject
Project("{9A19103F-16F7-4668-BE54-9A1E7A4F7556}") = "theatrel.TLBot.Interfaces", "theatrel.TLBot.Interfaces\theatrel.TLBot.Interfaces.csproj", "{106DB829-0532-4200-82F2-C5E1B459FA96}"
EndProject
Project("{9A19103F-16F7-4668-BE54-9A1E7A4F7556}") = "theatrel.TLBot.Tests", "theatrel.TLBot.Tests\theatrel.TLBot.Tests.csproj", "{2CA8FE8A-100E-448C-B002-975718286F74}"
EndProject
Project("{9A19103F-16F7-4668-BE54-9A1E7A4F7556}") = "theatrel.Lib.Tests", "theatrel.Lib.Tests\theatrel.Lib.Tests.csproj", "{0442000B-3205-4608-B7A5-5E750A1EC625}"
EndProject
Project("{9A19103F-16F7-4668-BE54-9A1E7A4F7556}") = "theatrel.DataAccess", "theatrel.Data\theatrel.DataAccess.csproj", "{D36BB35F-4EB3-4B27-AC49-2AB8F4814133}"
EndProject
Project("{9A19103F-16F7-4668-BE54-9A1E7A4F7556}") = "theatrel.DataUpdater", "theatrel.DataUpdater\theatrel.DataUpdater.csproj", "{690E39B1-33EE-4AD4-8E4D-C97F13052331}"
EndProject
Project("{9A19103F-16F7-4668-BE54-9A1E7A4F7556}") = "theatrel.DataUpdater.Tests", "theatrel.DataUpdater.Tests\theatrel.DataUpdater.Tests.csproj", "{F38991D7-AA8E-46B7-A5F7-B8B152291C3F}"
EndProject
Project("{9A19103F-16F7-4668-BE54-9A1E7A4F7556}") = "theatrel.Subscriptions", "theatrel.Subscriptions\theatrel.Subscriptions.csproj", "{F5E9987F-9589-428E-9004-98F36DA8ADE2}"
EndProject
Project("{9A19103F-16F7-4668-BE54-9A1E7A4F7556}") = "theatrel.Common", "theatrel.Common\theatrel.Common.csproj", "{7408C420-C564-44CC-B9C8-6E142826B289}"
EndProject
Project("{9A19103F-16F7-4668-BE54-9A1E7A4F7556}") = "theatrel.Subscriptions.Tests", "theatrel.Subscriptions.Tests\theatrel.Subscriptions.Tests.csproj", "{761084DE-BEFE-4CCE-882F-BEFF5FD35A72}"
EndProject
Project("{9A19103F-16F7-4668-BE54-9A1E7A4F7556}") = "theatrel.Interfaces", "theatrel.Interfaces\theatrel.Interfaces.csproj", "{D36576CD-D155-4FCD-B4E5-ADD92870596E}"
EndProject
Project("{9A19103F-16F7-4668-BE54-9A1E7A4F7556}") = "theatrel.DataAccess.Structures", "theatrel.DataAccess.Structures\theatrel.DataAccess.Structures.csproj", "{830C066F-45CF-4B73-B71D-0CA8FF7C4901}"
EndProject
Project("{9A19103F-16F7-4668-BE54-9A1E7A4F7556}") = "theatrel.DataAccess.Tests", "theatrel.DataAccess.Tests\theatrel.DataAccess.Tests.csproj", "{59BD325A-AF6C-4AEA-B6DE-AC95223305AF}"
EndProject
Project("{9A19103F-16F7-4668-BE54-9A1E7A4F7556}") = "theatrel.ConsoleTest", "theatrel.ConsoleTest\theatrel.ConsoleTest.csproj", "{F4146A78-4AF8-4121-8828-3C7C1FEEB666}"
EndProject
Global
	GlobalSection(SolutionConfigurationPlatforms) = preSolution
		Debug|Any CPU = Debug|Any CPU
		Release|Any CPU = Release|Any CPU
	EndGlobalSection
	GlobalSection(ProjectConfigurationPlatforms) = postSolution
		{12E8F016-5E98-4350-97FA-5C606440852D}.Debug|Any CPU.ActiveCfg = Debug|Any CPU
		{12E8F016-5E98-4350-97FA-5C606440852D}.Debug|Any CPU.Build.0 = Debug|Any CPU
		{12E8F016-5E98-4350-97FA-5C606440852D}.Release|Any CPU.ActiveCfg = Release|Any CPU
		{12E8F016-5E98-4350-97FA-5C606440852D}.Release|Any CPU.Build.0 = Release|Any CPU
		{E29F9CC4-53CC-4C21-B638-1A0BFFBFDE06}.Debug|Any CPU.ActiveCfg = Debug|Any CPU
		{E29F9CC4-53CC-4C21-B638-1A0BFFBFDE06}.Debug|Any CPU.Build.0 = Debug|Any CPU
		{E29F9CC4-53CC-4C21-B638-1A0BFFBFDE06}.Release|Any CPU.ActiveCfg = Release|Any CPU
		{E29F9CC4-53CC-4C21-B638-1A0BFFBFDE06}.Release|Any CPU.Build.0 = Release|Any CPU
		{A3112D70-1D12-4542-86F9-F665A629CC83}.Debug|Any CPU.ActiveCfg = Debug|Any CPU
		{A3112D70-1D12-4542-86F9-F665A629CC83}.Debug|Any CPU.Build.0 = Debug|Any CPU
		{A3112D70-1D12-4542-86F9-F665A629CC83}.Release|Any CPU.ActiveCfg = Release|Any CPU
		{A3112D70-1D12-4542-86F9-F665A629CC83}.Release|Any CPU.Build.0 = Release|Any CPU
		{106DB829-0532-4200-82F2-C5E1B459FA96}.Debug|Any CPU.ActiveCfg = Debug|Any CPU
		{106DB829-0532-4200-82F2-C5E1B459FA96}.Debug|Any CPU.Build.0 = Debug|Any CPU
		{106DB829-0532-4200-82F2-C5E1B459FA96}.Release|Any CPU.ActiveCfg = Release|Any CPU
		{106DB829-0532-4200-82F2-C5E1B459FA96}.Release|Any CPU.Build.0 = Release|Any CPU
		{2CA8FE8A-100E-448C-B002-975718286F74}.Debug|Any CPU.ActiveCfg = Debug|Any CPU
		{2CA8FE8A-100E-448C-B002-975718286F74}.Debug|Any CPU.Build.0 = Debug|Any CPU
		{2CA8FE8A-100E-448C-B002-975718286F74}.Release|Any CPU.ActiveCfg = Release|Any CPU
		{2CA8FE8A-100E-448C-B002-975718286F74}.Release|Any CPU.Build.0 = Release|Any CPU
		{0442000B-3205-4608-B7A5-5E750A1EC625}.Debug|Any CPU.ActiveCfg = Debug|Any CPU
		{0442000B-3205-4608-B7A5-5E750A1EC625}.Debug|Any CPU.Build.0 = Debug|Any CPU
		{0442000B-3205-4608-B7A5-5E750A1EC625}.Release|Any CPU.ActiveCfg = Release|Any CPU
		{0442000B-3205-4608-B7A5-5E750A1EC625}.Release|Any CPU.Build.0 = Release|Any CPU
		{D36BB35F-4EB3-4B27-AC49-2AB8F4814133}.Debug|Any CPU.ActiveCfg = Debug|Any CPU
		{D36BB35F-4EB3-4B27-AC49-2AB8F4814133}.Debug|Any CPU.Build.0 = Debug|Any CPU
		{D36BB35F-4EB3-4B27-AC49-2AB8F4814133}.Release|Any CPU.ActiveCfg = Release|Any CPU
		{D36BB35F-4EB3-4B27-AC49-2AB8F4814133}.Release|Any CPU.Build.0 = Release|Any CPU
		{690E39B1-33EE-4AD4-8E4D-C97F13052331}.Debug|Any CPU.ActiveCfg = Debug|Any CPU
		{690E39B1-33EE-4AD4-8E4D-C97F13052331}.Debug|Any CPU.Build.0 = Debug|Any CPU
		{690E39B1-33EE-4AD4-8E4D-C97F13052331}.Release|Any CPU.ActiveCfg = Release|Any CPU
		{690E39B1-33EE-4AD4-8E4D-C97F13052331}.Release|Any CPU.Build.0 = Release|Any CPU
		{F38991D7-AA8E-46B7-A5F7-B8B152291C3F}.Debug|Any CPU.ActiveCfg = Debug|Any CPU
		{F38991D7-AA8E-46B7-A5F7-B8B152291C3F}.Debug|Any CPU.Build.0 = Debug|Any CPU
		{F38991D7-AA8E-46B7-A5F7-B8B152291C3F}.Release|Any CPU.ActiveCfg = Release|Any CPU
		{F38991D7-AA8E-46B7-A5F7-B8B152291C3F}.Release|Any CPU.Build.0 = Release|Any CPU
		{F5E9987F-9589-428E-9004-98F36DA8ADE2}.Debug|Any CPU.ActiveCfg = Debug|Any CPU
		{F5E9987F-9589-428E-9004-98F36DA8ADE2}.Debug|Any CPU.Build.0 = Debug|Any CPU
		{F5E9987F-9589-428E-9004-98F36DA8ADE2}.Release|Any CPU.ActiveCfg = Release|Any CPU
		{F5E9987F-9589-428E-9004-98F36DA8ADE2}.Release|Any CPU.Build.0 = Release|Any CPU
		{7408C420-C564-44CC-B9C8-6E142826B289}.Debug|Any CPU.ActiveCfg = Debug|Any CPU
		{7408C420-C564-44CC-B9C8-6E142826B289}.Debug|Any CPU.Build.0 = Debug|Any CPU
		{7408C420-C564-44CC-B9C8-6E142826B289}.Release|Any CPU.ActiveCfg = Release|Any CPU
		{7408C420-C564-44CC-B9C8-6E142826B289}.Release|Any CPU.Build.0 = Release|Any CPU
		{761084DE-BEFE-4CCE-882F-BEFF5FD35A72}.Debug|Any CPU.ActiveCfg = Debug|Any CPU
		{761084DE-BEFE-4CCE-882F-BEFF5FD35A72}.Debug|Any CPU.Build.0 = Debug|Any CPU
		{761084DE-BEFE-4CCE-882F-BEFF5FD35A72}.Release|Any CPU.ActiveCfg = Release|Any CPU
		{761084DE-BEFE-4CCE-882F-BEFF5FD35A72}.Release|Any CPU.Build.0 = Release|Any CPU
		{D36576CD-D155-4FCD-B4E5-ADD92870596E}.Debug|Any CPU.ActiveCfg = Debug|Any CPU
		{D36576CD-D155-4FCD-B4E5-ADD92870596E}.Debug|Any CPU.Build.0 = Debug|Any CPU
		{D36576CD-D155-4FCD-B4E5-ADD92870596E}.Release|Any CPU.ActiveCfg = Release|Any CPU
		{D36576CD-D155-4FCD-B4E5-ADD92870596E}.Release|Any CPU.Build.0 = Release|Any CPU
		{830C066F-45CF-4B73-B71D-0CA8FF7C4901}.Debug|Any CPU.ActiveCfg = Debug|Any CPU
		{830C066F-45CF-4B73-B71D-0CA8FF7C4901}.Debug|Any CPU.Build.0 = Debug|Any CPU
		{830C066F-45CF-4B73-B71D-0CA8FF7C4901}.Release|Any CPU.ActiveCfg = Release|Any CPU
		{830C066F-45CF-4B73-B71D-0CA8FF7C4901}.Release|Any CPU.Build.0 = Release|Any CPU
		{59BD325A-AF6C-4AEA-B6DE-AC95223305AF}.Debug|Any CPU.ActiveCfg = Debug|Any CPU
		{59BD325A-AF6C-4AEA-B6DE-AC95223305AF}.Debug|Any CPU.Build.0 = Debug|Any CPU
		{59BD325A-AF6C-4AEA-B6DE-AC95223305AF}.Release|Any CPU.ActiveCfg = Release|Any CPU
		{59BD325A-AF6C-4AEA-B6DE-AC95223305AF}.Release|Any CPU.Build.0 = Release|Any CPU
		{F4146A78-4AF8-4121-8828-3C7C1FEEB666}.Debug|Any CPU.ActiveCfg = Debug|Any CPU
		{F4146A78-4AF8-4121-8828-3C7C1FEEB666}.Debug|Any CPU.Build.0 = Debug|Any CPU
		{F4146A78-4AF8-4121-8828-3C7C1FEEB666}.Release|Any CPU.ActiveCfg = Release|Any CPU
		{F4146A78-4AF8-4121-8828-3C7C1FEEB666}.Release|Any CPU.Build.0 = Release|Any CPU
	EndGlobalSection
	GlobalSection(SolutionProperties) = preSolution
		HideSolutionNode = FALSE
	EndGlobalSection
	GlobalSection(ExtensibilityGlobals) = postSolution
		SolutionGuid = {599565FA-7FA2-43C0-B0EC-0C83B3794576}
	EndGlobalSection
EndGlobal
